
Microsoft Visual Studio Solution File, Format Version 12.00
# Visual Studio Version 16
VisualStudioVersion = 16.0.33529.622
MinimumVisualStudioVersion = 10.0.40219.1
Project("{FAE04EC0-301F-11D3-BF4B-00C04F79EFBC}") = "ESP32_Flash", "ESP32_Flash\ESP32_Flash.csproj", "{DA509995-68D6-4597-A242-49AA4AB40AEA}"
EndProject
Global
	GlobalSection(SolutionConfigurationPlatforms) = preSolution
		Debug|Any CPU = Debug|Any CPU
		Release|Any CPU = Release|Any CPU
	EndGlobalSection
	GlobalSection(ProjectConfigurationPlatforms) = postSolution
		{DA509995-68D6-4597-A242-49AA4AB40AEA}.Debug|Any CPU.ActiveCfg = Debug|Any CPU
		{DA509995-68D6-4597-A242-49AA4AB40AEA}.Debug|Any CPU.Build.0 = Debug|Any CPU
		{DA509995-68D6-4597-A242-49AA4AB40AEA}.Release|Any CPU.ActiveCfg = Release|Any CPU
		{DA509995-68D6-4597-A242-49AA4AB40AEA}.Release|Any CPU.Build.0 = Release|Any CPU
	EndGlobalSection
	GlobalSection(SolutionProperties) = preSolution
		HideSolutionNode = FALSE
	EndGlobalSection
	GlobalSection(ExtensibilityGlobals) = postSolution
		SolutionGuid = {14A608CA-8C9B-436C-A56B-9CF5B626EDD4}
	EndGlobalSection
EndGlobal
